
Microsoft Visual Studio Solution File, Format Version 12.00
Project("{FAE04EC0-301F-11D3-BF4B-00C04F79EFBC}") = "Example", "Example\Example.csproj", "{F21B5144-FD39-4DA0-9979-D389092F472F}"
EndProject
Global
	GlobalSection(SolutionConfigurationPlatforms) = preSolution
		Debug|Any CPU = Debug|Any CPU
		Release|Any CPU = Release|Any CPU
	EndGlobalSection
	GlobalSection(ProjectConfigurationPlatforms) = postSolution
		{F21B5144-FD39-4DA0-9979-D389092F472F}.Debug|Any CPU.ActiveCfg = Debug|Any CPU
		{F21B5144-FD39-4DA0-9979-D389092F472F}.Debug|Any CPU.Build.0 = Debug|Any CPU
		{F21B5144-FD39-4DA0-9979-D389092F472F}.Release|Any CPU.ActiveCfg = Release|Any CPU
		{F21B5144-FD39-4DA0-9979-D389092F472F}.Release|Any CPU.Build.0 = Release|Any CPU
	EndGlobalSection
EndGlobal
